
Microsoft Visual Studio Solution File, Format Version 12.00
# Visual Studio 15
VisualStudioVersion = 15.0.28307.271
MinimumVisualStudioVersion = 10.0.40219.1
Project("{FAE04EC0-301F-11D3-BF4B-00C04F79EFBC}") = "VATRates", "VATRates\VATRates.csproj", "{AA532CB8-E3FA-4F59-B5DC-2A55563E0AB5}"
EndProject
Project("{FAE04EC0-301F-11D3-BF4B-00C04F79EFBC}") = "VATRates.Bll", "VATRates.Bll\VATRates.Bll.csproj", "{7E996C2F-2235-4CE4-8401-CF2B48DD923F}"
EndProject
Global
	GlobalSection(SolutionConfigurationPlatforms) = preSolution
		Debug|Any CPU = Debug|Any CPU
		Release|Any CPU = Release|Any CPU
	EndGlobalSection
	GlobalSection(ProjectConfigurationPlatforms) = postSolution
		{AA532CB8-E3FA-4F59-B5DC-2A55563E0AB5}.Debug|Any CPU.ActiveCfg = Debug|Any CPU
		{AA532CB8-E3FA-4F59-B5DC-2A55563E0AB5}.Debug|Any CPU.Build.0 = Debug|Any CPU
		{AA532CB8-E3FA-4F59-B5DC-2A55563E0AB5}.Release|Any CPU.ActiveCfg = Release|Any CPU
		{AA532CB8-E3FA-4F59-B5DC-2A55563E0AB5}.Release|Any CPU.Build.0 = Release|Any CPU
		{7E996C2F-2235-4CE4-8401-CF2B48DD923F}.Debug|Any CPU.ActiveCfg = Debug|Any CPU
		{7E996C2F-2235-4CE4-8401-CF2B48DD923F}.Debug|Any CPU.Build.0 = Debug|Any CPU
		{7E996C2F-2235-4CE4-8401-CF2B48DD923F}.Release|Any CPU.ActiveCfg = Release|Any CPU
		{7E996C2F-2235-4CE4-8401-CF2B48DD923F}.Release|Any CPU.Build.0 = Release|Any CPU
	EndGlobalSection
	GlobalSection(SolutionProperties) = preSolution
		HideSolutionNode = FALSE
	EndGlobalSection
	GlobalSection(ExtensibilityGlobals) = postSolution
		SolutionGuid = {51FEE6DD-8A3B-4B7E-A5C6-77C3D93AC559}
	EndGlobalSection
EndGlobal
